# THIS IS AN AUTOGENERATED FILE. DO NOT EDIT THIS FILE DIRECTLY.
# yarn lockfile v1


"@alfredo-taboada/stress@^0.0.4":
  version "0.0.4"
  resolved "https://registry.yarnpkg.com/@alfredo-taboada/stress/-/stress-0.0.4.tgz#80ef4f07a9c988507c127f4b6c45c43eec09bdd8"
  integrity sha512-NspeYbF9veo8lpF05GyUpa/eT1gTq3WqOBITLW5sQ/T5G4aVj57fv4lM7uVyr3YB2XNfdUcvLsij24SNzHgqWA==
  dependencies:
    "@youwol/dataframe" "^0.0.34"
    "@youwol/geometry" "^0.0.19"
    "@youwol/io" "^0.0.24"
    "@youwol/math" "^0.0.20"

"@youwol/dataframe@^0.0.34":
  version "0.0.34"
  resolved "https://registry.yarnpkg.com/@youwol/dataframe/-/dataframe-0.0.34.tgz#668ed5a75e8dd9ec85f9a56e3aff20c2078d6fd2"
  integrity sha512-o5Bhv+C6Aza+2J/leCxNMMBHYK6AU7EWslsUOX/dBZORZ1Uiae2DgFes8rUGeB38Zk3jAbPxfl31kBPpQXFvkg==

"@youwol/dataframe@^0.0.35":
  version "0.0.35"
  resolved "https://registry.yarnpkg.com/@youwol/dataframe/-/dataframe-0.0.35.tgz#2500da0da18582178723d4d37f4ed5f07f33944a"
  integrity sha512-S5Iu7p1HER0+YURL4Y04PZyJB0tFtBIipCE6kanteQuwvpJenxauVdWBSaX+i3bZOzht9QPiVeCrr34UrAB3Xg==

"@youwol/geometry@^0.0.19":
  version "0.0.19"
  resolved "https://registry.yarnpkg.com/@youwol/geometry/-/geometry-0.0.19.tgz#71b983f37601c1d7cecadb2b1283d54a26cfd140"
  integrity sha512-x3t01w6XGlaXhATz4yfRU8L+I5KySSNfm5lNBOEitybi4kgrcgtJ0wOrgNHnSGsHepq23VG3QZjyWIw9HcFl+w==

"@youwol/geometry@^0.0.21":
  version "0.0.21"
  resolved "https://registry.yarnpkg.com/@youwol/geometry/-/geometry-0.0.21.tgz#820f76a69e6d1cb6b9392520aba64b326e042047"
  integrity sha512-SZI1z9iOTmqaG4HPUueC+Vh4/LDpI4AKUOy1l3jSa64MOBUOi3get64hx3nBrQL6D1vQcy48tSmpbqJ8J6cUVg==

"@youwol/io@0.0.20":
  version "0.0.20"
  resolved "https://registry.yarnpkg.com/@youwol/io/-/io-0.0.20.tgz#1101293674f39f3e2a9fe28124c9f0856442d8f8"
  integrity sha512-GJvQGoY0vN65gOYe+AcV79LsupaJc5tsoeXEcomwJtgsvB+FThyAzx+dane4+YBKSbK24CyURTbbkILbghC6EA==

"@youwol/io@^0.0.24":
  version "0.0.24"
  resolved "https://registry.yarnpkg.com/@youwol/io/-/io-0.0.24.tgz#5d0ccd8b0f71988853332f01c4c674e594c05120"
  integrity sha512-S47TviBgng45c/tBd8KKJP8ClgkwHWlgsrcy7+bd5+2D5SUTPGTFYRk+CPBt8Q4p5Y9LP+NbOA5PYWNpNaiArQ==
  dependencies:
    "@youwol/io" "0.0.20"

"@youwol/io@^0.0.25-wip":
  version "0.0.25-wip"
  resolved "https://registry.yarnpkg.com/@youwol/io/-/io-0.0.25-wip.tgz#d602752615876383b7ba169acc6d68c9addc16ca"
  integrity sha512-C3A2MMgq3yut2+xgY2V11iOh7LNsGKVyciD73Kvwi+tN/fGkVksr2j4qXUJXeR57+0lr/f3TLr1C2Si1RBjMvw==
  dependencies:
    "@youwol/io" "0.0.20"

"@youwol/kepler@^0.0.10-wip":
  version "0.0.10-wip"
  resolved "https://registry.yarnpkg.com/@youwol/kepler/-/kepler-0.0.10-wip.tgz#f600d9f4583641b7a1b1f23976872f6befcf25d0"
  integrity sha512-s0FbO1jz8p4Z8hzqGoPTB2VXm+TcMhVxCIDz/ZrZ6Az2Rgk3UCfhfn/GRDIToFeyVE+lsniI26t7fuUViC3k4g==

"@youwol/math@^0.0.20":
  version "0.0.20"
  resolved "https://registry.yarnpkg.com/@youwol/math/-/math-0.0.20.tgz#8ef086836722d66e7d2d42f2e43d5d199b4e0c17"
  integrity sha512-wbFC5Wuj7x5GLC42HnNilnVs9661zhFHZzGbVANVCCrAvCJNmdVEvigHZiMlX7NyRx3P8q1LjckXxIcPqKTtTw==

"@youwol/math@^0.0.21":
  version "0.0.21"
  resolved "https://registry.yarnpkg.com/@youwol/math/-/math-0.0.21.tgz#573cbaebfc75944e4d89a3340bcddc6d827752eb"
  integrity sha512-ZCB1X89DTqF7P9zNy3Gn1kkbw5D81d0+XZst8FdwKrqMLLYa3Y6V3Y57Ybhk5VqdStT7+VijM81dsEEmKIXwpg==

"@youwol/three-extra@^0.0.9":
  version "0.0.9"
  resolved "https://registry.yarnpkg.com/@youwol/three-extra/-/three-extra-0.0.9.tgz#9c202170c2881ecbb5931a371496c3bf8d22377d"
  integrity sha512-R1MbayFQAF/qZzfwss9mfS+3i7lwMoGt2382Dj3tY0sgzTvLPjsrz/9DHdhESP5B985TsIrPXeBzUyDni9kP+Q==

three-trackballcontrols@^0.9.0:
  version "0.9.0"
  resolved "https://registry.yarnpkg.com/three-trackballcontrols/-/three-trackballcontrols-0.9.0.tgz#2c8be3627f50644d6dd60c10d23edd7fbfeffadd"
  integrity sha512-Z6HmIJnP70r5uONvcPCdLEF0SsG1kbGzNb7qQYj3c7b6v2E3XTlbNpZsgTjt36oKm0Z2tU11D6EbW4i8KIHuqA==

three@^0.128.0:
  version "0.128.0"
  resolved "https://registry.yarnpkg.com/three/-/three-0.128.0.tgz#884dacca6a330e45600a09ec5439283f50b76aa6"
  integrity sha512-i0ap/E+OaSfzw7bD1TtYnPo3VEplkl70WX5fZqZnfZsE3k3aSFudqrrC9ldFZfYFkn1zwDmBcdGfiIm/hnbyZA==
